# This file is automatically @generated by Cargo.
version = 3

[[package]]
name = "anchor-lang"
version = "0.31.1"

[[package]]
name = "block-buffer"
version = "0.12.1"

[[package]]
name = "mid"
version = "0.11.0"

[[package]]
name = "app"
version = "1.0.0"

[[package]]
name = "LockProbe"
version = "0.1.0"
dependencies = [
 "app",
]
